# This file is automatically @generated by Poetry 1.4.2 and should not be changed by hand.

[[package]]
name = "alfort"
version = "0.0.0"
description = "Elm-like interactive application framework for Python"
category = "main"
optional = false
python-versions = "^3.11"
files = []
develop = false

[package.source]
type = "directory"
url = "../.."

[metadata]
lock-version = "2.0"
python-versions = "^3.11"
content-hash = "074d713c2299347adbd906f3aaac0c7c80d8dcdcec212b599990a30a60ee3e81"
